
Microsoft Visual Studio Solution File, Format Version 12.00
# Visual Studio Version 17
VisualStudioVersion = 17.11.35312.102
MinimumVisualStudioVersion = 10.0.40219.1
Project("{FAE04EC0-301F-11D3-BF4B-00C04F79EFBC}") = "ClickingGame", "ClickingGame.csproj", "{CC1B82D3-6027-491C-928F-F40A846DA30E}"
EndProject
Global
	GlobalSection(SolutionConfigurationPlatforms) = preSolution
		Debug|Any CPU = Debug|Any CPU
		Release|Any CPU = Release|Any CPU
	EndGlobalSection
	GlobalSection(ProjectConfigurationPlatforms) = postSolution
		{CC1B82D3-6027-491C-928F-F40A846DA30E}.Debug|Any CPU.ActiveCfg = Debug|Any CPU
		{CC1B82D3-6027-491C-928F-F40A846DA30E}.Debug|Any CPU.Build.0 = Debug|Any CPU
		{CC1B82D3-6027-491C-928F-F40A846DA30E}.Release|Any CPU.ActiveCfg = Release|Any CPU
		{CC1B82D3-6027-491C-928F-F40A846DA30E}.Release|Any CPU.Build.0 = Release|Any CPU
	EndGlobalSection
	GlobalSection(SolutionProperties) = preSolution
		HideSolutionNode = FALSE
	EndGlobalSection
	GlobalSection(ExtensibilityGlobals) = postSolution
		SolutionGuid = {33CA6FAC-2C4E-4DD6-B3E7-C5615F18F623}
	EndGlobalSection
EndGlobal
